// !$*UTF8*$!
{
	archiveVersion = 1;
	classes = {
	};
	objectVersion = 55;
	objects = {

/* Begin PBXBuildFile section */
		010E0C3F8E035AD2C44D67A2 /* Pods_GuidomiaTests.framework in Frameworks */ = {isa = PBXBuildFile; fileRef = 01AADC60217EB89D9E018DFB /* Pods_GuidomiaTests.framework */; };
		0D9C1A855FBBA5002700E502 /* Pods_Guidomia.framework in Frameworks */ = {isa = PBXBuildFile; fileRef = ACB2A6C8FAAFE6974202045B /* Pods_Guidomia.framework */; };
		3B94D30227A1DAD000C148EB /* AppDelegate.swift in Sources */ = {isa = PBXBuildFile; fileRef = 3B94D30127A1DAD000C148EB /* AppDelegate.swift */; };
		3B94D30427A1DAD000C148EB /* SceneDelegate.swift in Sources */ = {isa = PBXBuildFile; fileRef = 3B94D30327A1DAD000C148EB /* SceneDelegate.swift */; };
		3B94D30627A1DAD000C148EB /* ViewController.swift in Sources */ = {isa = PBXBuildFile; fileRef = 3B94D30527A1DAD000C148EB /* ViewController.swift */; };
		3B94D30927A1DAD000C148EB /* Main.storyboard in Resources */ = {isa = PBXBuildFile; fileRef = 3B94D30727A1DAD000C148EB /* Main.storyboard */; };
		3B94D30C27A1DAD000C148EB /* Guidomia.xcdatamodeld in Sources */ = {isa = PBXBuildFile; fileRef = 3B94D30A27A1DAD000C148EB /* Guidomia.xcdatamodeld */; };
		3B94D30E27A1DAD100C148EB /* Assets.xcassets in Resources */ = {isa = PBXBuildFile; fileRef = 3B94D30D27A1DAD100C148EB /* Assets.xcassets */; };
		3B94D31127A1DAD100C148EB /* LaunchScreen.storyboard in Resources */ = {isa = PBXBuildFile; fileRef = 3B94D30F27A1DAD100C148EB /* LaunchScreen.storyboard */; };
		3B94D31C27A1DAD100C148EB /* GuidomiaTests.swift in Sources */ = {isa = PBXBuildFile; fileRef = 3B94D31B27A1DAD100C148EB /* GuidomiaTests.swift */; };
		3B94D32627A1DAD100C148EB /* GuidomiaUITests.swift in Sources */ = {isa = PBXBuildFile; fileRef = 3B94D32527A1DAD100C148EB /* GuidomiaUITests.swift */; };
		3B94D32827A1DAD100C148EB /* GuidomiaUITestsLaunchTests.swift in Sources */ = {isa = PBXBuildFile; fileRef = 3B94D32727A1DAD100C148EB /* GuidomiaUITestsLaunchTests.swift */; };
		F3B408D4F76B69F678CF2F00 /* Pods_Guidomia_GuidomiaUITests.framework in Frameworks */ = {isa = PBXBuildFile; fileRef = C35B7212E4EEC209820D0BC5 /* Pods_Guidomia_GuidomiaUITests.framework */; };
/* End PBXBuildFile section */

/* Begin PBXContainerItemProxy section */
		3B94D31827A1DAD100C148EB /* PBXContainerItemProxy */ = {
			isa = PBXContainerItemProxy;
			containerPortal = 3B94D2F627A1DAD000C148EB /* Project object */;
			proxyType = 1;
			remoteGlobalIDString = 3B94D2FD27A1DAD000C148EB;
			remoteInfo = Guidomia;
		};
		3B94D32227A1DAD100C148EB /* PBXContainerItemProxy */ = {
			isa = PBXContainerItemProxy;
			containerPortal = 3B94D2F627A1DAD000C148EB /* Project object */;
			proxyType = 1;
			remoteGlobalIDString = 3B94D2FD27A1DAD000C148EB;
			remoteInfo = Guidomia;
		};
/* End PBXContainerItemProxy section */

/* Begin PBXFileReference section */
		01AADC60217EB89D9E018DFB /* Pods_GuidomiaTests.framework */ = {isa = PBXFileReference; explicitFileType = wrapper.framework; includeInIndex = 0; path = Pods_GuidomiaTests.framework; sourceTree = BUILT_PRODUCTS_DIR; };
		135E0DD0FBAD17689A911EF2 /* Pods-Guidomia-GuidomiaUITests.debug.xcconfig */ = {isa = PBXFileReference; includeInIndex = 1; lastKnownFileType = text.xcconfig; name = "Pods-Guidomia-GuidomiaUITests.debug.xcconfig"; path = "Target Support Files/Pods-Guidomia-GuidomiaUITests/Pods-Guidomia-GuidomiaUITests.debug.xcconfig"; sourceTree = "<group>"; };
		250353838F55F3D926A9B8D9 /* Pods-Guidomia-GuidomiaUITests.release.xcconfig */ = {isa = PBXFileReference; includeInIndex = 1; lastKnownFileType = text.xcconfig; name = "Pods-Guidomia-GuidomiaUITests.release.xcconfig"; path = "Target Support Files/Pods-Guidomia-GuidomiaUITests/Pods-Guidomia-GuidomiaUITests.release.xcconfig"; sourceTree = "<group>"; };
		3B94D2FE27A1DAD000C148EB /* Guidomia.app */ = {isa = PBXFileReference; explicitFileType = wrapper.application; includeInIndex = 0; path = Guidomia.app; sourceTree = BUILT_PRODUCTS_DIR; };
		3B94D30127A1DAD000C148EB /* AppDelegate.swift */ = {isa = PBXFileReference; lastKnownFileType = sourcecode.swift; path = AppDelegate.swift; sourceTree = "<group>"; };
		3B94D30327A1DAD000C148EB /* SceneDelegate.swift */ = {isa = PBXFileReference; lastKnownFileType = sourcecode.swift; path = SceneDelegate.swift; sourceTree = "<group>"; };
		3B94D30527A1DAD000C148EB /* ViewController.swift */ = {isa = PBXFileReference; lastKnownFileType = sourcecode.swift; path = ViewController.swift; sourceTree = "<group>"; };
		3B94D30827A1DAD000C148EB /* Base */ = {isa = PBXFileReference; lastKnownFileType = file.storyboard; name = Base; path = Base.lproj/Main.storyboard; sourceTree = "<group>"; };
		3B94D30B27A1DAD000C148EB /* Guidomia.xcdatamodel */ = {isa = PBXFileReference; lastKnownFileType = wrapper.xcdatamodel; path = Guidomia.xcdatamodel; sourceTree = "<group>"; };
		3B94D30D27A1DAD100C148EB /* Assets.xcassets */ = {isa = PBXFileReference; lastKnownFileType = folder.assetcatalog; path = Assets.xcassets; sourceTree = "<group>"; };
		3B94D31027A1DAD100C148EB /* Base */ = {isa = PBXFileReference; lastKnownFileType = file.storyboard; name = Base; path = Base.lproj/LaunchScreen.storyboard; sourceTree = "<group>"; };
		3B94D31227A1DAD100C148EB /* Info.plist */ = {isa = PBXFileReference; lastKnownFileType = text.plist.xml; path = Info.plist; sourceTree = "<group>"; };
		3B94D31727A1DAD100C148EB /* GuidomiaTests.xctest */ = {isa = PBXFileReference; explicitFileType = wrapper.cfbundle; includeInIndex = 0; path = GuidomiaTests.xctest; sourceTree = BUILT_PRODUCTS_DIR; };
		3B94D31B27A1DAD100C148EB /* GuidomiaTests.swift */ = {isa = PBXFileReference; lastKnownFileType = sourcecode.swift; path = GuidomiaTests.swift; sourceTree = "<group>"; };
		3B94D32127A1DAD100C148EB /* GuidomiaUITests.xctest */ = {isa = PBXFileReference; explicitFileType = wrapper.cfbundle; includeInIndex = 0; path = GuidomiaUITests.xctest; sourceTree = BUILT_PRODUCTS_DIR; };
		3B94D32527A1DAD100C148EB /* GuidomiaUITests.swift */ = {isa = PBXFileReference; lastKnownFileType = sourcecode.swift; path = GuidomiaUITests.swift; sourceTree = "<group>"; };
		3B94D32727A1DAD100C148EB /* GuidomiaUITestsLaunchTests.swift */ = {isa = PBXFileReference; lastKnownFileType = sourcecode.swift; path = GuidomiaUITestsLaunchTests.swift; sourceTree = "<group>"; };
		6BF172C47C64A57675D76F67 /* Pods-GuidomiaTests.release.xcconfig */ = {isa = PBXFileReference; includeInIndex = 1; lastKnownFileType = text.xcconfig; name = "Pods-GuidomiaTests.release.xcconfig"; path = "Target Support Files/Pods-GuidomiaTests/Pods-GuidomiaTests.release.xcconfig"; sourceTree = "<group>"; };
		7AB39A45AC688A7C3E289707 /* Pods-Guidomia.release.xcconfig */ = {isa = PBXFileReference; includeInIndex = 1; lastKnownFileType = text.xcconfig; name = "Pods-Guidomia.release.xcconfig"; path = "Target Support Files/Pods-Guidomia/Pods-Guidomia.release.xcconfig"; sourceTree = "<group>"; };
		ACB2A6C8FAAFE6974202045B /* Pods_Guidomia.framework */ = {isa = PBXFileReference; explicitFileType = wrapper.framework; includeInIndex = 0; path = Pods_Guidomia.framework; sourceTree = BUILT_PRODUCTS_DIR; };
		C35B7212E4EEC209820D0BC5 /* Pods_Guidomia_GuidomiaUITests.framework */ = {isa = PBXFileReference; explicitFileType = wrapper.framework; includeInIndex = 0; path = Pods_Guidomia_GuidomiaUITests.framework; sourceTree = BUILT_PRODUCTS_DIR; };
		E0C97D75DA409C924A9AAE3E /* Pods-GuidomiaTests.debug.xcconfig */ = {isa = PBXFileReference; includeInIndex = 1; lastKnownFileType = text.xcconfig; name = "Pods-GuidomiaTests.debug.xcconfig"; path = "Target Support Files/Pods-GuidomiaTests/Pods-GuidomiaTests.debug.xcconfig"; sourceTree = "<group>"; };
		E306A64D34784534F4B2027F /* Pods-Guidomia.debug.xcconfig */ = {isa = PBXFileReference; includeInIndex = 1; lastKnownFileType = text.xcconfig; name = "Pods-Guidomia.debug.xcconfig"; path = "Target Support Files/Pods-Guidomia/Pods-Guidomia.debug.xcconfig"; sourceTree = "<group>"; };
/* End PBXFileReference section */

/* Begin PBXFrameworksBuildPhase section */
		3B94D2FB27A1DAD000C148EB /* Frameworks */ = {
			isa = PBXFrameworksBuildPhase;
			buildActionMask = 2147483647;
			files = (
				0D9C1A855FBBA5002700E502 /* Pods_Guidomia.framework in Frameworks */,
			);
			runOnlyForDeploymentPostprocessing = 0;
		};
		3B94D31427A1DAD100C148EB /* Frameworks */ = {
			isa = PBXFrameworksBuildPhase;
			buildActionMask = 2147483647;
			files = (
				010E0C3F8E035AD2C44D67A2 /* Pods_GuidomiaTests.framework in Frameworks */,
			);
			runOnlyForDeploymentPostprocessing = 0;
		};
		3B94D31E27A1DAD100C148EB /* Frameworks */ = {
			isa = PBXFrameworksBuildPhase;
			buildActionMask = 2147483647;
			files = (
				F3B408D4F76B69F678CF2F00 /* Pods_Guidomia_GuidomiaUITests.framework in Frameworks */,
			);
			runOnlyForDeploymentPostprocessing = 0;
		};
/* End PBXFrameworksBuildPhase section */

/* Begin PBXGroup section */
		06CC4F840FA7F1F4F833C9B5 /* Frameworks */ = {
			isa = PBXGroup;
			children = (
				ACB2A6C8FAAFE6974202045B /* Pods_Guidomia.framework */,
				C35B7212E4EEC209820D0BC5 /* Pods_Guidomia_GuidomiaUITests.framework */,
				01AADC60217EB89D9E018DFB /* Pods_GuidomiaTests.framework */,
			);
			name = Frameworks;
			sourceTree = "<group>";
		};
		3B94D2F527A1DAD000C148EB = {
			isa = PBXGroup;
			children = (
				3B94D30027A1DAD000C148EB /* Guidomia */,
				3B94D31A27A1DAD100C148EB /* GuidomiaTests */,
				3B94D32427A1DAD100C148EB /* GuidomiaUITests */,
				3B94D2FF27A1DAD000C148EB /* Products */,
				571295C1A18A4E0F4C04B121 /* Pods */,
				06CC4F840FA7F1F4F833C9B5 /* Frameworks */,
			);
			sourceTree = "<group>";
		};
		3B94D2FF27A1DAD000C148EB /* Products */ = {
			isa = PBXGroup;
			children = (
				3B94D2FE27A1DAD000C148EB /* Guidomia.app */,
				3B94D31727A1DAD100C148EB /* GuidomiaTests.xctest */,
				3B94D32127A1DAD100C148EB /* GuidomiaUITests.xctest */,
			);
			name = Products;
			sourceTree = "<group>";
		};
		3B94D30027A1DAD000C148EB /* Guidomia */ = {
			isa = PBXGroup;
			children = (
				3B94D30127A1DAD000C148EB /* AppDelegate.swift */,
				3B94D30327A1DAD000C148EB /* SceneDelegate.swift */,
				3B94D30527A1DAD000C148EB /* ViewController.swift */,
				3B94D30727A1DAD000C148EB /* Main.storyboard */,
				3B94D30D27A1DAD100C148EB /* Assets.xcassets */,
				3B94D30F27A1DAD100C148EB /* LaunchScreen.storyboard */,
				3B94D31227A1DAD100C148EB /* Info.plist */,
				3B94D30A27A1DAD000C148EB /* Guidomia.xcdatamodeld */,
			);
			path = Guidomia;
			sourceTree = "<group>";
		};
		3B94D31A27A1DAD100C148EB /* GuidomiaTests */ = {
			isa = PBXGroup;
			children = (
				3B94D31B27A1DAD100C148EB /* GuidomiaTests.swift */,
			);
			path = GuidomiaTests;
			sourceTree = "<group>";
		};
		3B94D32427A1DAD100C148EB /* GuidomiaUITests */ = {
			isa = PBXGroup;
			children = (
				3B94D32527A1DAD100C148EB /* GuidomiaUITests.swift */,
				3B94D32727A1DAD100C148EB /* GuidomiaUITestsLaunchTests.swift */,
			);
			path = GuidomiaUITests;
			sourceTree = "<group>";
		};
		571295C1A18A4E0F4C04B121 /* Pods */ = {
			isa = PBXGroup;
			children = (
				E306A64D34784534F4B2027F /* Pods-Guidomia.debug.xcconfig */,
				7AB39A45AC688A7C3E289707 /* Pods-Guidomia.release.xcconfig */,
				135E0DD0FBAD17689A911EF2 /* Pods-Guidomia-GuidomiaUITests.debug.xcconfig */,
				250353838F55F3D926A9B8D9 /* Pods-Guidomia-GuidomiaUITests.release.xcconfig */,
				E0C97D75DA409C924A9AAE3E /* Pods-GuidomiaTests.debug.xcconfig */,
				6BF172C47C64A57675D76F67 /* Pods-GuidomiaTests.release.xcconfig */,
			);
			name = Pods;
			path = Pods;
			sourceTree = "<group>";
		};
/* End PBXGroup section */

/* Begin PBXNativeTarget section */
		3B94D2FD27A1DAD000C148EB /* Guidomia */ = {
			isa = PBXNativeTarget;
			buildConfigurationList = 3B94D32B27A1DAD100C148EB /* Build configuration list for PBXNativeTarget "Guidomia" */;
			buildPhases = (
				9F97563C19D72B965214B8AF /* [CP] Check Pods Manifest.lock */,
				3B94D2FA27A1DAD000C148EB /* Sources */,
				3B94D2FB27A1DAD000C148EB /* Frameworks */,
				3B94D2FC27A1DAD000C148EB /* Resources */,
				E31F71D7B3CCEB964DC16955 /* [CP] Embed Pods Frameworks */,
			);
			buildRules = (
			);
			dependencies = (
			);
			name = Guidomia;
			productName = Guidomia;
			productReference = 3B94D2FE27A1DAD000C148EB /* Guidomia.app */;
			productType = "com.apple.product-type.application";
		};
		3B94D31627A1DAD100C148EB /* GuidomiaTests */ = {
			isa = PBXNativeTarget;
			buildConfigurationList = 3B94D32E27A1DAD100C148EB /* Build configuration list for PBXNativeTarget "GuidomiaTests" */;
			buildPhases = (
				913C56F5CBBC88F03D909D22 /* [CP] Check Pods Manifest.lock */,
				3B94D31327A1DAD100C148EB /* Sources */,
				3B94D31427A1DAD100C148EB /* Frameworks */,
				3B94D31527A1DAD100C148EB /* Resources */,
			);
			buildRules = (
			);
			dependencies = (
				3B94D31927A1DAD100C148EB /* PBXTargetDependency */,
			);
			name = GuidomiaTests;
			productName = GuidomiaTests;
			productReference = 3B94D31727A1DAD100C148EB /* GuidomiaTests.xctest */;
			productType = "com.apple.product-type.bundle.unit-test";
		};
		3B94D32027A1DAD100C148EB /* GuidomiaUITests */ = {
			isa = PBXNativeTarget;
			buildConfigurationList = 3B94D33127A1DAD100C148EB /* Build configuration list for PBXNativeTarget "GuidomiaUITests" */;
			buildPhases = (
				C72AC9AB488A04DEB9DB8930 /* [CP] Check Pods Manifest.lock */,
				3B94D31D27A1DAD100C148EB /* Sources */,
				3B94D31E27A1DAD100C148EB /* Frameworks */,
				3B94D31F27A1DAD100C148EB /* Resources */,
				4321BAA379B146B74660CD82 /* [CP] Embed Pods Frameworks */,
			);
			buildRules = (
			);
			dependencies = (
				3B94D32327A1DAD100C148EB /* PBXTargetDependency */,
			);
			name = GuidomiaUITests;
			productName = GuidomiaUITests;
			productReference = 3B94D32127A1DAD100C148EB /* GuidomiaUITests.xctest */;
			productType = "com.apple.product-type.bundle.ui-testing";
		};
/* End PBXNativeTarget section */

/* Begin PBXProject section */
		3B94D2F627A1DAD000C148EB /* Project object */ = {
			isa = PBXProject;
			attributes = {
				BuildIndependentTargetsInParallel = 1;
				LastSwiftUpdateCheck = 1320;
				LastUpgradeCheck = 1320;
				TargetAttributes = {
					3B94D2FD27A1DAD000C148EB = {
						CreatedOnToolsVersion = 13.2.1;
					};
					3B94D31627A1DAD100C148EB = {
						CreatedOnToolsVersion = 13.2.1;
						TestTargetID = 3B94D2FD27A1DAD000C148EB;
					};
					3B94D32027A1DAD100C148EB = {
						CreatedOnToolsVersion = 13.2.1;
						TestTargetID = 3B94D2FD27A1DAD000C148EB;
					};
				};
			};
			buildConfigurationList = 3B94D2F927A1DAD000C148EB /* Build configuration list for PBXProject "Guidomia" */;
			compatibilityVersion = "Xcode 13.0";
			developmentRegion = en;
			hasScannedForEncodings = 0;
			knownRegions = (
				en,
				Base,
			);
			mainGroup = 3B94D2F527A1DAD000C148EB;
			productRefGroup = 3B94D2FF27A1DAD000C148EB /* Products */;
			projectDirPath = "";
			projectRoot = "";
			targets = (
				3B94D2FD27A1DAD000C148EB /* Guidomia */,
				3B94D31627A1DAD100C148EB /* GuidomiaTests */,
				3B94D32027A1DAD100C148EB /* GuidomiaUITests */,
			);
		};
/* End PBXProject section */

/* Begin PBXResourcesBuildPhase section */
		3B94D2FC27A1DAD000C148EB /* Resources */ = {
			isa = PBXResourcesBuildPhase;
			buildActionMask = 2147483647;
			files = (
				3B94D31127A1DAD100C148EB /* LaunchScreen.storyboard in Resources */,
				3B94D30E27A1DAD100C148EB /* Assets.xcassets in Resources */,
				3B94D30927A1DAD000C148EB /* Main.storyboard in Resources */,
			);
			runOnlyForDeploymentPostprocessing = 0;
		};
		3B94D31527A1DAD100C148EB /* Resources */ = {
			isa = PBXResourcesBuildPhase;
			buildActionMask = 2147483647;
			files = (
			);
			runOnlyForDeploymentPostprocessing = 0;
		};
		3B94D31F27A1DAD100C148EB /* Resources */ = {
			isa = PBXResourcesBuildPhase;
			buildActionMask = 2147483647;
			files = (
			);
			runOnlyForDeploymentPostprocessing = 0;
		};
/* End PBXResourcesBuildPhase section */

/* Begin PBXShellScriptBuildPhase section */
		4321BAA379B146B74660CD82 /* [CP] Embed Pods Frameworks */ = {
			isa = PBXShellScriptBuildPhase;
			buildActionMask = 2147483647;
			files = (
			);
			inputFileListPaths = (
				"${PODS_ROOT}/Target Support Files/Pods-Guidomia-GuidomiaUITests/Pods-Guidomia-GuidomiaUITests-frameworks-${CONFIGURATION}-input-files.xcfilelist",
			);
			name = "[CP] Embed Pods Frameworks";
			outputFileListPaths = (
				"${PODS_ROOT}/Target Support Files/Pods-Guidomia-GuidomiaUITests/Pods-Guidomia-GuidomiaUITests-frameworks-${CONFIGURATION}-output-files.xcfilelist",
			);
			runOnlyForDeploymentPostprocessing = 0;
			shellPath = /bin/sh;
			shellScript = "\"${PODS_ROOT}/Target Support Files/Pods-Guidomia-GuidomiaUITests/Pods-Guidomia-GuidomiaUITests-frameworks.sh\"\n";
			showEnvVarsInLog = 0;
		};
		913C56F5CBBC88F03D909D22 /* [CP] Check Pods Manifest.lock */ = {
			isa = PBXShellScriptBuildPhase;
			buildActionMask = 2147483647;
			files = (
			);
			inputFileListPaths = (
			);
			inputPaths = (
				"${PODS_PODFILE_DIR_PATH}/Podfile.lock",
				"${PODS_ROOT}/Manifest.lock",
			);
			name = "[CP] Check Pods Manifest.lock";
			outputFileListPaths = (
			);
			outputPaths = (
				"$(DERIVED_FILE_DIR)/Pods-GuidomiaTests-checkManifestLockResult.txt",
			);
			runOnlyForDeploymentPostprocessing = 0;
			shellPath = /bin/sh;
			shellScript = "diff \"${PODS_PODFILE_DIR_PATH}/Podfile.lock\" \"${PODS_ROOT}/Manifest.lock\" > /dev/null\nif [ $? != 0 ] ; then\n    # print error to STDERR\n    echo \"error: The sandbox is not in sync with the Podfile.lock. Run 'pod install' or update your CocoaPods installation.\" >&2\n    exit 1\nfi\n# This output is used by Xcode 'outputs' to avoid re-running this script phase.\necho \"SUCCESS\" > \"${SCRIPT_OUTPUT_FILE_0}\"\n";
			showEnvVarsInLog = 0;
		};
		9F97563C19D72B965214B8AF /* [CP] Check Pods Manifest.lock */ = {
			isa = PBXShellScriptBuildPhase;
			buildActionMask = 2147483647;
			files = (
			);
			inputFileListPaths = (
			);
			inputPaths = (
				"${PODS_PODFILE_DIR_PATH}/Podfile.lock",
				"${PODS_ROOT}/Manifest.lock",
			);
			name = "[CP] Check Pods Manifest.lock";
			outputFileListPaths = (
			);
			outputPaths = (
				"$(DERIVED_FILE_DIR)/Pods-Guidomia-checkManifestLockResult.txt",
			);
			runOnlyForDeploymentPostprocessing = 0;
			shellPath = /bin/sh;
			shellScript = "diff \"${PODS_PODFILE_DIR_PATH}/Podfile.lock\" \"${PODS_ROOT}/Manifest.lock\" > /dev/null\nif [ $? != 0 ] ; then\n    # print error to STDERR\n    echo \"error: The sandbox is not in sync with the Podfile.lock. Run 'pod install' or update your CocoaPods installation.\" >&2\n    exit 1\nfi\n# This output is used by Xcode 'outputs' to avoid re-running this script phase.\necho \"SUCCESS\" > \"${SCRIPT_OUTPUT_FILE_0}\"\n";
			showEnvVarsInLog = 0;
		};
		C72AC9AB488A04DEB9DB8930 /* [CP] Check Pods Manifest.lock */ = {
			isa = PBXShellScriptBuildPhase;
			buildActionMask = 2147483647;
			files = (
			);
			inputFileListPaths = (
			);
			inputPaths = (
				"${PODS_PODFILE_DIR_PATH}/Podfile.lock",
				"${PODS_ROOT}/Manifest.lock",
			);
			name = "[CP] Check Pods Manifest.lock";
			outputFileListPaths = (
			);
			outputPaths = (
				"$(DERIVED_FILE_DIR)/Pods-Guidomia-GuidomiaUITests-checkManifestLockResult.txt",
			);
			runOnlyForDeploymentPostprocessing = 0;
			shellPath = /bin/sh;
			shellScript = "diff \"${PODS_PODFILE_DIR_PATH}/Podfile.lock\" \"${PODS_ROOT}/Manifest.lock\" > /dev/null\nif [ $? != 0 ] ; then\n    # print error to STDERR\n    echo \"error: The sandbox is not in sync with the Podfile.lock. Run 'pod install' or update your CocoaPods installation.\" >&2\n    exit 1\nfi\n# This output is used by Xcode 'outputs' to avoid re-running this script phase.\necho \"SUCCESS\" > \"${SCRIPT_OUTPUT_FILE_0}\"\n";
			showEnvVarsInLog = 0;
		};
		E31F71D7B3CCEB964DC16955 /* [CP] Embed Pods Frameworks */ = {
			isa = PBXShellScriptBuildPhase;
			buildActionMask = 2147483647;
			files = (
			);
			inputFileListPaths = (
				"${PODS_ROOT}/Target Support Files/Pods-Guidomia/Pods-Guidomia-frameworks-${CONFIGURATION}-input-files.xcfilelist",
			);
			name = "[CP] Embed Pods Frameworks";
			outputFileListPaths = (
				"${PODS_ROOT}/Target Support Files/Pods-Guidomia/Pods-Guidomia-frameworks-${CONFIGURATION}-output-files.xcfilelist",
			);
			runOnlyForDeploymentPostprocessing = 0;
			shellPath = /bin/sh;
			shellScript = "\"${PODS_ROOT}/Target Support Files/Pods-Guidomia/Pods-Guidomia-frameworks.sh\"\n";
			showEnvVarsInLog = 0;
		};
/* End PBXShellScriptBuildPhase section */

/* Begin PBXSourcesBuildPhase section */
		3B94D2FA27A1DAD000C148EB /* Sources */ = {
			isa = PBXSourcesBuildPhase;
			buildActionMask = 2147483647;
			files = (
				3B94D30C27A1DAD000C148EB /* Guidomia.xcdatamodeld in Sources */,
				3B94D30627A1DAD000C148EB /* ViewController.swift in Sources */,
				3B94D30227A1DAD000C148EB /* AppDelegate.swift in Sources */,
				3B94D30427A1DAD000C148EB /* SceneDelegate.swift in Sources */,
			);
			runOnlyForDeploymentPostprocessing = 0;
		};
		3B94D31327A1DAD100C148EB /* Sources */ = {
			isa = PBXSourcesBuildPhase;
			buildActionMask = 2147483647;
			files = (
				3B94D31C27A1DAD100C148EB /* GuidomiaTests.swift in Sources */,
			);
			runOnlyForDeploymentPostprocessing = 0;
		};
		3B94D31D27A1DAD100C148EB /* Sources */ = {
			isa = PBXSourcesBuildPhase;
			buildActionMask = 2147483647;
			files = (
				3B94D32827A1DAD100C148EB /* GuidomiaUITestsLaunchTests.swift in Sources */,
				3B94D32627A1DAD100C148EB /* GuidomiaUITests.swift in Sources */,
			);
			runOnlyForDeploymentPostprocessing = 0;
		};
/* End PBXSourcesBuildPhase section */

/* Begin PBXTargetDependency section */
		3B94D31927A1DAD100C148EB /* PBXTargetDependency */ = {
			isa = PBXTargetDependency;
			target = 3B94D2FD27A1DAD000C148EB /* Guidomia */;
			targetProxy = 3B94D31827A1DAD100C148EB /* PBXContainerItemProxy */;
		};
		3B94D32327A1DAD100C148EB /* PBXTargetDependency */ = {
			isa = PBXTargetDependency;
			target = 3B94D2FD27A1DAD000C148EB /* Guidomia */;
			targetProxy = 3B94D32227A1DAD100C148EB /* PBXContainerItemProxy */;
		};
/* End PBXTargetDependency section */

/* Begin PBXVariantGroup section */
		3B94D30727A1DAD000C148EB /* Main.storyboard */ = {
			isa = PBXVariantGroup;
			children = (
				3B94D30827A1DAD000C148EB /* Base */,
			);
			name = Main.storyboard;
			sourceTree = "<group>";
		};
		3B94D30F27A1DAD100C148EB /* LaunchScreen.storyboard */ = {
			isa = PBXVariantGroup;
			children = (
				3B94D31027A1DAD100C148EB /* Base */,
			);
			name = LaunchScreen.storyboard;
			sourceTree = "<group>";
		};
/* End PBXVariantGroup section */

/* Begin XCBuildConfiguration section */
		3B94D32927A1DAD100C148EB /* Debug */ = {
			isa = XCBuildConfiguration;
			buildSettings = {
				ALWAYS_SEARCH_USER_PATHS = NO;
				CLANG_ANALYZER_NONNULL = YES;
				CLANG_ANALYZER_NUMBER_OBJECT_CONVERSION = YES_AGGRESSIVE;
				CLANG_CXX_LANGUAGE_STANDARD = "gnu++17";
				CLANG_CXX_LIBRARY = "libc++";
				CLANG_ENABLE_MODULES = YES;
				CLANG_ENABLE_OBJC_ARC = YES;
				CLANG_ENABLE_OBJC_WEAK = YES;
				CLANG_WARN_BLOCK_CAPTURE_AUTORELEASING = YES;
				CLANG_WARN_BOOL_CONVERSION = YES;
				CLANG_WARN_COMMA = YES;
				CLANG_WARN_CONSTANT_CONVERSION = YES;
				CLANG_WARN_DEPRECATED_OBJC_IMPLEMENTATIONS = YES;
				CLANG_WARN_DIRECT_OBJC_ISA_USAGE = YES_ERROR;
				CLANG_WARN_DOCUMENTATION_COMMENTS = YES;
				CLANG_WARN_EMPTY_BODY = YES;
				CLANG_WARN_ENUM_CONVERSION = YES;
				CLANG_WARN_INFINITE_RECURSION = YES;
				CLANG_WARN_INT_CONVERSION = YES;
				CLANG_WARN_NON_LITERAL_NULL_CONVERSION = YES;
				CLANG_WARN_OBJC_IMPLICIT_RETAIN_SELF = YES;
				CLANG_WARN_OBJC_LITERAL_CONVERSION = YES;
				CLANG_WARN_OBJC_ROOT_CLASS = YES_ERROR;
				CLANG_WARN_QUOTED_INCLUDE_IN_FRAMEWORK_HEADER = YES;
				CLANG_WARN_RANGE_LOOP_ANALYSIS = YES;
				CLANG_WARN_STRICT_PROTOTYPES = YES;
				CLANG_WARN_SUSPICIOUS_MOVE = YES;
				CLANG_WARN_UNGUARDED_AVAILABILITY = YES_AGGRESSIVE;
				CLANG_WARN_UNREACHABLE_CODE = YES;
				CLANG_WARN__DUPLICATE_METHOD_MATCH = YES;
				COPY_PHASE_STRIP = NO;
				DEBUG_INFORMATION_FORMAT = dwarf;
				ENABLE_STRICT_OBJC_MSGSEND = YES;
				ENABLE_TESTABILITY = YES;
				GCC_C_LANGUAGE_STANDARD = gnu11;
				GCC_DYNAMIC_NO_PIC = NO;
				GCC_NO_COMMON_BLOCKS = YES;
				GCC_OPTIMIZATION_LEVEL = 0;
				GCC_PREPROCESSOR_DEFINITIONS = (
					"DEBUG=1",
					"$(inherited)",
				);
				GCC_WARN_64_TO_32_BIT_CONVERSION = YES;
				GCC_WARN_ABOUT_RETURN_TYPE = YES_ERROR;
				GCC_WARN_UNDECLARED_SELECTOR = YES;
				GCC_WARN_UNINITIALIZED_AUTOS = YES_AGGRESSIVE;
				GCC_WARN_UNUSED_FUNCTION = YES;
				GCC_WARN_UNUSED_VARIABLE = YES;
				IPHONEOS_DEPLOYMENT_TARGET = 15.2;
				MTL_ENABLE_DEBUG_INFO = INCLUDE_SOURCE;
				MTL_FAST_MATH = YES;
				ONLY_ACTIVE_ARCH = YES;
				SDKROOT = iphoneos;
				SWIFT_ACTIVE_COMPILATION_CONDITIONS = DEBUG;
				SWIFT_OPTIMIZATION_LEVEL = "-Onone";
			};
			name = Debug;
		};
		3B94D32A27A1DAD100C148EB /* Release */ = {
			isa = XCBuildConfiguration;
			buildSettings = {
				ALWAYS_SEARCH_USER_PATHS = NO;
				CLANG_ANALYZER_NONNULL = YES;
				CLANG_ANALYZER_NUMBER_OBJECT_CONVERSION = YES_AGGRESSIVE;
				CLANG_CXX_LANGUAGE_STANDARD = "gnu++17";
				CLANG_CXX_LIBRARY = "libc++";
				CLANG_ENABLE_MODULES = YES;
				CLANG_ENABLE_OBJC_ARC = YES;
				CLANG_ENABLE_OBJC_WEAK = YES;
				CLANG_WARN_BLOCK_CAPTURE_AUTORELEASING = YES;
				CLANG_WARN_BOOL_CONVERSION = YES;
				CLANG_WARN_COMMA = YES;
				CLANG_WARN_CONSTANT_CONVERSION = YES;
				CLANG_WARN_DEPRECATED_OBJC_IMPLEMENTATIONS = YES;
				CLANG_WARN_DIRECT_OBJC_ISA_USAGE = YES_ERROR;
				CLANG_WARN_DOCUMENTATION_COMMENTS = YES;
				CLANG_WARN_EMPTY_BODY = YES;
				CLANG_WARN_ENUM_CONVERSION = YES;
				CLANG_WARN_INFINITE_RECURSION = YES;
				CLANG_WARN_INT_CONVERSION = YES;
				CLANG_WARN_NON_LITERAL_NULL_CONVERSION = YES;
				CLANG_WARN_OBJC_IMPLICIT_RETAIN_SELF = YES;
				CLANG_WARN_OBJC_LITERAL_CONVERSION = YES;
				CLANG_WARN_OBJC_ROOT_CLASS = YES_ERROR;
				CLANG_WARN_QUOTED_INCLUDE_IN_FRAMEWORK_HEADER = YES;
				CLANG_WARN_RANGE_LOOP_ANALYSIS = YES;
				CLANG_WARN_STRICT_PROTOTYPES = YES;
				CLANG_WARN_SUSPICIOUS_MOVE = YES;
				CLANG_WARN_UNGUARDED_AVAILABILITY = YES_AGGRESSIVE;
				CLANG_WARN_UNREACHABLE_CODE = YES;
				CLANG_WARN__DUPLICATE_METHOD_MATCH = YES;
				COPY_PHASE_STRIP = NO;
				DEBUG_INFORMATION_FORMAT = "dwarf-with-dsym";
				ENABLE_NS_ASSERTIONS = NO;
				ENABLE_STRICT_OBJC_MSGSEND = YES;
				GCC_C_LANGUAGE_STANDARD = gnu11;
				GCC_NO_COMMON_BLOCKS = YES;
				GCC_WARN_64_TO_32_BIT_CONVERSION = YES;
				GCC_WARN_ABOUT_RETURN_TYPE = YES_ERROR;
				GCC_WARN_UNDECLARED_SELECTOR = YES;
				GCC_WARN_UNINITIALIZED_AUTOS = YES_AGGRESSIVE;
				GCC_WARN_UNUSED_FUNCTION = YES;
				GCC_WARN_UNUSED_VARIABLE = YES;
				IPHONEOS_DEPLOYMENT_TARGET = 15.2;
				MTL_ENABLE_DEBUG_INFO = NO;
				MTL_FAST_MATH = YES;
				SDKROOT = iphoneos;
				SWIFT_COMPILATION_MODE = wholemodule;
				SWIFT_OPTIMIZATION_LEVEL = "-O";
				VALIDATE_PRODUCT = YES;
			};
			name = Release;
		};
		3B94D32C27A1DAD100C148EB /* Debug */ = {
			isa = XCBuildConfiguration;
			baseConfigurationReference = E306A64D34784534F4B2027F /* Pods-Guidomia.debug.xcconfig */;
			buildSettings = {
				ASSETCATALOG_COMPILER_APPICON_NAME = AppIcon;
				ASSETCATALOG_COMPILER_GLOBAL_ACCENT_COLOR_NAME = AccentColor;
				CODE_SIGN_STYLE = Automatic;
				CURRENT_PROJECT_VERSION = 1;
				GENERATE_INFOPLIST_FILE = YES;
				INFOPLIST_FILE = Guidomia/Info.plist;
				INFOPLIST_KEY_UIApplicationSupportsIndirectInputEvents = YES;
				INFOPLIST_KEY_UILaunchStoryboardName = LaunchScreen;
				INFOPLIST_KEY_UIMainStoryboardFile = Main;
				INFOPLIST_KEY_UISupportedInterfaceOrientations_iPad = "UIInterfaceOrientationPortrait UIInterfaceOrientationPortraitUpsideDown UIInterfaceOrientationLandscapeLeft UIInterfaceOrientationLandscapeRight";
				INFOPLIST_KEY_UISupportedInterfaceOrientations_iPhone = "UIInterfaceOrientationPortrait UIInterfaceOrientationLandscapeLeft UIInterfaceOrientationLandscapeRight";
				LD_RUNPATH_SEARCH_PATHS = (
					"$(inherited)",
					"@executable_path/Frameworks",
				);
				MARKETING_VERSION = 1.0;
				PRODUCT_BUNDLE_IDENTIFIER = com.byfai.Guidomia;
				PRODUCT_NAME = "$(TARGET_NAME)";
				SWIFT_EMIT_LOC_STRINGS = YES;
				SWIFT_VERSION = 5.0;
				TARGETED_DEVICE_FAMILY = "1,2";
			};
			name = Debug;
		};
		3B94D32D27A1DAD100C148EB /* Release */ = {
			isa = XCBuildConfiguration;
			baseConfigurationReference = 7AB39A45AC688A7C3E289707 /* Pods-Guidomia.release.xcconfig */;
			buildSettings = {
				ASSETCATALOG_COMPILER_APPICON_NAME = AppIcon;
				ASSETCATALOG_COMPILER_GLOBAL_ACCENT_COLOR_NAME = AccentColor;
				CODE_SIGN_STYLE = Automatic;
				CURRENT_PROJECT_VERSION = 1;
				GENERATE_INFOPLIST_FILE = YES;
				INFOPLIST_FILE = Guidomia/Info.plist;
				INFOPLIST_KEY_UIApplicationSupportsIndirectInputEvents = YES;
				INFOPLIST_KEY_UILaunchStoryboardName = LaunchScreen;
				INFOPLIST_KEY_UIMainStoryboardFile = Main;
				INFOPLIST_KEY_UISupportedInterfaceOrientations_iPad = "UIInterfaceOrientationPortrait UIInterfaceOrientationPortraitUpsideDown UIInterfaceOrientationLandscapeLeft UIInterfaceOrientationLandscapeRight";
				INFOPLIST_KEY_UISupportedInterfaceOrientations_iPhone = "UIInterfaceOrientationPortrait UIInterfaceOrientationLandscapeLeft UIInterfaceOrientationLandscapeRight";
				LD_RUNPATH_SEARCH_PATHS = (
					"$(inherited)",
					"@executable_path/Frameworks",
				);
				MARKETING_VERSION = 1.0;
				PRODUCT_BUNDLE_IDENTIFIER = com.byfai.Guidomia;
				PRODUCT_NAME = "$(TARGET_NAME)";
				SWIFT_EMIT_LOC_STRINGS = YES;
				SWIFT_VERSION = 5.0;
				TARGETED_DEVICE_FAMILY = "1,2";
			};
			name = Release;
		};
		3B94D32F27A1DAD100C148EB /* Debug */ = {
			isa = XCBuildConfiguration;
			baseConfigurationReference = E0C97D75DA409C924A9AAE3E /* Pods-GuidomiaTests.debug.xcconfig */;
			buildSettings = {
				ALWAYS_EMBED_SWIFT_STANDARD_LIBRARIES = YES;
				BUNDLE_LOADER = "$(TEST_HOST)";
				CODE_SIGN_STYLE = Automatic;
				CURRENT_PROJECT_VERSION = 1;
				GENERATE_INFOPLIST_FILE = YES;
				IPHONEOS_DEPLOYMENT_TARGET = 15.2;
				MARKETING_VERSION = 1.0;
				PRODUCT_BUNDLE_IDENTIFIER = com.byfai.GuidomiaTests;
				PRODUCT_NAME = "$(TARGET_NAME)";
				SWIFT_EMIT_LOC_STRINGS = NO;
				SWIFT_VERSION = 5.0;
				TARGETED_DEVICE_FAMILY = "1,2";
				TEST_HOST = "$(BUILT_PRODUCTS_DIR)/Guidomia.app/Guidomia";
			};
			name = Debug;
		};
		3B94D33027A1DAD100C148EB /* Release */ = {
			isa = XCBuildConfiguration;
			baseConfigurationReference = 6BF172C47C64A57675D76F67 /* Pods-GuidomiaTests.release.xcconfig */;
			buildSettings = {
				ALWAYS_EMBED_SWIFT_STANDARD_LIBRARIES = YES;
				BUNDLE_LOADER = "$(TEST_HOST)";
				CODE_SIGN_STYLE = Automatic;
				CURRENT_PROJECT_VERSION = 1;
				GENERATE_INFOPLIST_FILE = YES;
				IPHONEOS_DEPLOYMENT_TARGET = 15.2;
				MARKETING_VERSION = 1.0;
				PRODUCT_BUNDLE_IDENTIFIER = com.byfai.GuidomiaTests;
				PRODUCT_NAME = "$(TARGET_NAME)";
				SWIFT_EMIT_LOC_STRINGS = NO;
				SWIFT_VERSION = 5.0;
				TARGETED_DEVICE_FAMILY = "1,2";
				TEST_HOST = "$(BUILT_PRODUCTS_DIR)/Guidomia.app/Guidomia";
			};
			name = Release;
		};
		3B94D33227A1DAD100C148EB /* Debug */ = {
			isa = XCBuildConfiguration;
			baseConfigurationReference = 135E0DD0FBAD17689A911EF2 /* Pods-Guidomia-GuidomiaUITests.debug.xcconfig */;
			buildSettings = {
				ALWAYS_EMBED_SWIFT_STANDARD_LIBRARIES = YES;
				CODE_SIGN_STYLE = Automatic;
				CURRENT_PROJECT_VERSION = 1;
				GENERATE_INFOPLIST_FILE = YES;
				MARKETING_VERSION = 1.0;
				PRODUCT_BUNDLE_IDENTIFIER = com.byfai.GuidomiaUITests;
				PRODUCT_NAME = "$(TARGET_NAME)";
				SWIFT_EMIT_LOC_STRINGS = NO;
				SWIFT_VERSION = 5.0;
				TARGETED_DEVICE_FAMILY = "1,2";
				TEST_TARGET_NAME = Guidomia;
			};
			name = Debug;
		};
		3B94D33327A1DAD100C148EB /* Release */ = {
			isa = XCBuildConfiguration;
			baseConfigurationReference = 250353838F55F3D926A9B8D9 /* Pods-Guidomia-GuidomiaUITests.release.xcconfig */;
			buildSettings = {
				ALWAYS_EMBED_SWIFT_STANDARD_LIBRARIES = YES;
				CODE_SIGN_STYLE = Automatic;
				CURRENT_PROJECT_VERSION = 1;
				GENERATE_INFOPLIST_FILE = YES;
				MARKETING_VERSION = 1.0;
				PRODUCT_BUNDLE_IDENTIFIER = com.byfai.GuidomiaUITests;
				PRODUCT_NAME = "$(TARGET_NAME)";
				SWIFT_EMIT_LOC_STRINGS = NO;
				SWIFT_VERSION = 5.0;
				TARGETED_DEVICE_FAMILY = "1,2";
				TEST_TARGET_NAME = Guidomia;
			};
			name = Release;
		};
/* End XCBuildConfiguration section */

/* Begin XCConfigurationList section */
		3B94D2F927A1DAD000C148EB /* Build configuration list for PBXProject "Guidomia" */ = {
			isa = XCConfigurationList;
			buildConfigurations = (
				3B94D32927A1DAD100C148EB /* Debug */,
				3B94D32A27A1DAD100C148EB /* Release */,
			);
			defaultConfigurationIsVisible = 0;
			defaultConfigurationName = Release;
		};
		3B94D32B27A1DAD100C148EB /* Build configuration list for PBXNativeTarget "Guidomia" */ = {
			isa = XCConfigurationList;
			buildConfigurations = (
				3B94D32C27A1DAD100C148EB /* Debug */,
				3B94D32D27A1DAD100C148EB /* Release */,
			);
			defaultConfigurationIsVisible = 0;
			defaultConfigurationName = Release;
		};
		3B94D32E27A1DAD100C148EB /* Build configuration list for PBXNativeTarget "GuidomiaTests" */ = {
			isa = XCConfigurationList;
			buildConfigurations = (
				3B94D32F27A1DAD100C148EB /* Debug */,
				3B94D33027A1DAD100C148EB /* Release */,
			);
			defaultConfigurationIsVisible = 0;
			defaultConfigurationName = Release;
		};
		3B94D33127A1DAD100C148EB /* Build configuration list for PBXNativeTarget "GuidomiaUITests" */ = {
			isa = XCConfigurationList;
			buildConfigurations = (
				3B94D33227A1DAD100C148EB /* Debug */,
				3B94D33327A1DAD100C148EB /* Release */,
			);
			defaultConfigurationIsVisible = 0;
			defaultConfigurationName = Release;
		};
/* End XCConfigurationList section */

/* Begin XCVersionGroup section */
		3B94D30A27A1DAD000C148EB /* Guidomia.xcdatamodeld */ = {
			isa = XCVersionGroup;
			children = (
				3B94D30B27A1DAD000C148EB /* Guidomia.xcdatamodel */,
			);
			currentVersion = 3B94D30B27A1DAD000C148EB /* Guidomia.xcdatamodel */;
			path = Guidomia.xcdatamodeld;
			sourceTree = "<group>";
			versionGroupType = wrapper.xcdatamodel;
		};
/* End XCVersionGroup section */
	};
	rootObject = 3B94D2F627A1DAD000C148EB /* Project object */;
}
